
Microsoft Visual Studio Solution File, Format Version 12.00
# Visual Studio Version 17
VisualStudioVersion = 17.11.35431.28
MinimumVisualStudioVersion = 10.0.40219.1
Project("{FAE04EC0-301F-11D3-BF4B-00C04F79EFBC}") = "lab11sem3api", "lab11sem3api\lab11sem3api.csproj", "{F5212A93-E6DE-43EF-A940-062C2C18684F}"
EndProject
Project("{FAE04EC0-301F-11D3-BF4B-00C04F79EFBC}") = "ClassLibrary1", "ClassLibrary1\ClassLibrary1.csproj", "{A6575BEC-3033-4BC8-8C1B-6D48122E71B1}"
EndProject
Global
	GlobalSection(SolutionConfigurationPlatforms) = preSolution
		Debug|Any CPU = Debug|Any CPU
		Release|Any CPU = Release|Any CPU
	EndGlobalSection
	GlobalSection(ProjectConfigurationPlatforms) = postSolution
		{F5212A93-E6DE-43EF-A940-062C2C18684F}.Debug|Any CPU.ActiveCfg = Debug|Any CPU
		{F5212A93-E6DE-43EF-A940-062C2C18684F}.Debug|Any CPU.Build.0 = Debug|Any CPU
		{F5212A93-E6DE-43EF-A940-062C2C18684F}.Release|Any CPU.ActiveCfg = Release|Any CPU
		{F5212A93-E6DE-43EF-A940-062C2C18684F}.Release|Any CPU.Build.0 = Release|Any CPU
		{A6575BEC-3033-4BC8-8C1B-6D48122E71B1}.Debug|Any CPU.ActiveCfg = Debug|Any CPU
		{A6575BEC-3033-4BC8-8C1B-6D48122E71B1}.Debug|Any CPU.Build.0 = Debug|Any CPU
		{A6575BEC-3033-4BC8-8C1B-6D48122E71B1}.Release|Any CPU.ActiveCfg = Release|Any CPU
		{A6575BEC-3033-4BC8-8C1B-6D48122E71B1}.Release|Any CPU.Build.0 = Release|Any CPU
	EndGlobalSection
	GlobalSection(SolutionProperties) = preSolution
		HideSolutionNode = FALSE
	EndGlobalSection
	GlobalSection(ExtensibilityGlobals) = postSolution
		SolutionGuid = {2FD72110-5BA5-4F18-93C2-8DC2B6C130A3}
	EndGlobalSection
EndGlobal
